{
  "name": "couchsnap",
  "version": "2.0.2",
  "lockfileVersion": 3,
  "requires": true,
  "packages": {
    "": {
      "name": "couchsnap",
      "version": "2.0.2",
      "license": "Apache-2.0",
      "dependencies": {
        "ccurllib": "^4.0.3",
        "jsonpour": "^2.0.1"
      },
      "bin": {
        "couchsnap": "bin/couchsnap.bin.js"
      }
    },
    "node_modules/ccurllib": {
      "version": "4.0.3",
      "resolved": "https://registry.npmjs.org/ccurllib/-/ccurllib-4.0.3.tgz",
      "integrity": "sha512-mxgRXdwUd4fRonJsSexXCEudaCEH66ql3GmLLgUv8iIFo7ZZyCB3e9ot7yg4C9hOAodVlSxrQp6DXQvC4bC6mQ==",
      "license": "Apache-2.0"
    },
    "node_modules/jsonpour": {
      "version": "2.0.1",
      "resolved": "https://registry.npmjs.org/jsonpour/-/jsonpour-2.0.1.tgz",
      "integrity": "sha512-5SKe9emlRis1jR6wRJZ5ioWnO15HPnqFUt2a350RrxbtBMGLWQ4MPF7SXO7XQcQLNO5DY73/IcB5jT1AA1Z17Q==",
      "license": "Apache-2.0"
    }
  }
}
